// !$*UTF8*$!
{
	archiveVersion = 1;
	classes = {
	};
	objectVersion = 46;
	objects = {

/* Begin PBXBuildFile section */
		AC8CCA181F8C9FF50029262B /* AppDelegate.swift in Sources */ = {isa = PBXBuildFile; fileRef = AC8CCA171F8C9FF50029262B /* AppDelegate.swift */; };
		AC8CCA1A1F8C9FF50029262B /* ViewController.swift in Sources */ = {isa = PBXBuildFile; fileRef = AC8CCA191F8C9FF50029262B /* ViewController.swift */; };
		AC8CCA1D1F8C9FF50029262B /* Main.storyboard in Resources */ = {isa = PBXBuildFile; fileRef = AC8CCA1B1F8C9FF50029262B /* Main.storyboard */; };
		AC8CCA1F1F8C9FF50029262B /* Assets.xcassets in Resources */ = {isa = PBXBuildFile; fileRef = AC8CCA1E1F8C9FF50029262B /* Assets.xcassets */; };
		AC8CCA221F8C9FF50029262B /* LaunchScreen.storyboard in Resources */ = {isa = PBXBuildFile; fileRef = AC8CCA201F8C9FF50029262B /* LaunchScreen.storyboard */; };
		AC8CCA2D1F8C9FF60029262B /* przegladarkaTests.swift in Sources */ = {isa = PBXBuildFile; fileRef = AC8CCA2C1F8C9FF60029262B /* przegladarkaTests.swift */; };
		AC8CCA381F8C9FF60029262B /* przegladarkaUITests.swift in Sources */ = {isa = PBXBuildFile; fileRef = AC8CCA371F8C9FF60029262B /* przegladarkaUITests.swift */; };
		D72F33351FA137880026C11B /* MasterTableViewController.swift in Sources */ = {isa = PBXBuildFile; fileRef = D72F33341FA137880026C11B /* MasterTableViewController.swift */; };
		D72F33371FA13A510026C11B /* DetailViewController.swift in Sources */ = {isa = PBXBuildFile; fileRef = D72F33361FA13A510026C11B /* DetailViewController.swift */; };
/* End PBXBuildFile section */

/* Begin PBXContainerItemProxy section */
		AC8CCA291F8C9FF60029262B /* PBXContainerItemProxy */ = {
			isa = PBXContainerItemProxy;
			containerPortal = AC8CCA0C1F8C9FF50029262B /* Project object */;
			proxyType = 1;
			remoteGlobalIDString = AC8CCA131F8C9FF50029262B;
			remoteInfo = przegladarka;
		};
		AC8CCA341F8C9FF60029262B /* PBXContainerItemProxy */ = {
			isa = PBXContainerItemProxy;
			containerPortal = AC8CCA0C1F8C9FF50029262B /* Project object */;
			proxyType = 1;
			remoteGlobalIDString = AC8CCA131F8C9FF50029262B;
			remoteInfo = przegladarka;
		};
/* End PBXContainerItemProxy section */

/* Begin PBXFileReference section */
		AC8CCA141F8C9FF50029262B /* przegladarka.app */ = {isa = PBXFileReference; explicitFileType = wrapper.application; includeInIndex = 0; path = przegladarka.app; sourceTree = BUILT_PRODUCTS_DIR; };
		AC8CCA171F8C9FF50029262B /* AppDelegate.swift */ = {isa = PBXFileReference; lastKnownFileType = sourcecode.swift; path = AppDelegate.swift; sourceTree = "<group>"; };
		AC8CCA191F8C9FF50029262B /* ViewController.swift */ = {isa = PBXFileReference; lastKnownFileType = sourcecode.swift; path = ViewController.swift; sourceTree = "<group>"; };
		AC8CCA1C1F8C9FF50029262B /* Base */ = {isa = PBXFileReference; lastKnownFileType = file.storyboard; name = Base; path = Base.lproj/Main.storyboard; sourceTree = "<group>"; };
		AC8CCA1E1F8C9FF50029262B /* Assets.xcassets */ = {isa = PBXFileReference; lastKnownFileType = folder.assetcatalog; path = Assets.xcassets; sourceTree = "<group>"; };
		AC8CCA211F8C9FF50029262B /* Base */ = {isa = PBXFileReference; lastKnownFileType = file.storyboard; name = Base; path = Base.lproj/LaunchScreen.storyboard; sourceTree = "<group>"; };
		AC8CCA231F8C9FF50029262B /* Info.plist */ = {isa = PBXFileReference; lastKnownFileType = text.plist.xml; path = Info.plist; sourceTree = "<group>"; };
		AC8CCA281F8C9FF60029262B /* przegladarkaTests.xctest */ = {isa = PBXFileReference; explicitFileType = wrapper.cfbundle; includeInIndex = 0; path = przegladarkaTests.xctest; sourceTree = BUILT_PRODUCTS_DIR; };
		AC8CCA2C1F8C9FF60029262B /* przegladarkaTests.swift */ = {isa = PBXFileReference; lastKnownFileType = sourcecode.swift; path = przegladarkaTests.swift; sourceTree = "<group>"; };
		AC8CCA2E1F8C9FF60029262B /* Info.plist */ = {isa = PBXFileReference; lastKnownFileType = text.plist.xml; path = Info.plist; sourceTree = "<group>"; };
		AC8CCA331F8C9FF60029262B /* przegladarkaUITests.xctest */ = {isa = PBXFileReference; explicitFileType = wrapper.cfbundle; includeInIndex = 0; path = przegladarkaUITests.xctest; sourceTree = BUILT_PRODUCTS_DIR; };
		AC8CCA371F8C9FF60029262B /* przegladarkaUITests.swift */ = {isa = PBXFileReference; lastKnownFileType = sourcecode.swift; path = przegladarkaUITests.swift; sourceTree = "<group>"; };
		AC8CCA391F8C9FF60029262B /* Info.plist */ = {isa = PBXFileReference; lastKnownFileType = text.plist.xml; path = Info.plist; sourceTree = "<group>"; };
		D72F33341FA137880026C11B /* MasterTableViewController.swift */ = {isa = PBXFileReference; lastKnownFileType = sourcecode.swift; path = MasterTableViewController.swift; sourceTree = "<group>"; };
		D72F33361FA13A510026C11B /* DetailViewController.swift */ = {isa = PBXFileReference; lastKnownFileType = sourcecode.swift; path = DetailViewController.swift; sourceTree = "<group>"; };
/* End PBXFileReference section */

/* Begin PBXFrameworksBuildPhase section */
		AC8CCA111F8C9FF50029262B /* Frameworks */ = {
			isa = PBXFrameworksBuildPhase;
			buildActionMask = 2147483647;
			files = (
			);
			runOnlyForDeploymentPostprocessing = 0;
		};
		AC8CCA251F8C9FF60029262B /* Frameworks */ = {
			isa = PBXFrameworksBuildPhase;
			buildActionMask = 2147483647;
			files = (
			);
			runOnlyForDeploymentPostprocessing = 0;
		};
		AC8CCA301F8C9FF60029262B /* Frameworks */ = {
			isa = PBXFrameworksBuildPhase;
			buildActionMask = 2147483647;
			files = (
			);
			runOnlyForDeploymentPostprocessing = 0;
		};
/* End PBXFrameworksBuildPhase section */

/* Begin PBXGroup section */
		AC8CCA0B1F8C9FF50029262B = {
			isa = PBXGroup;
			children = (
				AC8CCA161F8C9FF50029262B /* przegladarka */,
				AC8CCA2B1F8C9FF60029262B /* przegladarkaTests */,
				AC8CCA361F8C9FF60029262B /* przegladarkaUITests */,
				AC8CCA151F8C9FF50029262B /* Products */,
			);
			sourceTree = "<group>";
			usesTabs = 1;
		};
		AC8CCA151F8C9FF50029262B /* Products */ = {
			isa = PBXGroup;
			children = (
				AC8CCA141F8C9FF50029262B /* przegladarka.app */,
				AC8CCA281F8C9FF60029262B /* przegladarkaTests.xctest */,
				AC8CCA331F8C9FF60029262B /* przegladarkaUITests.xctest */,
			);
			name = Products;
			sourceTree = "<group>";
		};
		AC8CCA161F8C9FF50029262B /* przegladarka */ = {
			isa = PBXGroup;
			children = (
				AC8CCA171F8C9FF50029262B /* AppDelegate.swift */,
				AC8CCA191F8C9FF50029262B /* ViewController.swift */,
				AC8CCA1B1F8C9FF50029262B /* Main.storyboard */,
				D72F33361FA13A510026C11B /* DetailViewController.swift */,
				D72F33341FA137880026C11B /* MasterTableViewController.swift */,
				AC8CCA1E1F8C9FF50029262B /* Assets.xcassets */,
				AC8CCA201F8C9FF50029262B /* LaunchScreen.storyboard */,
				AC8CCA231F8C9FF50029262B /* Info.plist */,
			);
			path = przegladarka;
			sourceTree = "<group>";
		};
		AC8CCA2B1F8C9FF60029262B /* przegladarkaTests */ = {
			isa = PBXGroup;
			children = (
				AC8CCA2C1F8C9FF60029262B /* przegladarkaTests.swift */,
				AC8CCA2E1F8C9FF60029262B /* Info.plist */,
			);
			path = przegladarkaTests;
			sourceTree = "<group>";
		};
		AC8CCA361F8C9FF60029262B /* przegladarkaUITests */ = {
			isa = PBXGroup;
			children = (
				AC8CCA371F8C9FF60029262B /* przegladarkaUITests.swift */,
				AC8CCA391F8C9FF60029262B /* Info.plist */,
			);
			path = przegladarkaUITests;
			sourceTree = "<group>";
		};
/* End PBXGroup section */

/* Begin PBXNativeTarget section */
		AC8CCA131F8C9FF50029262B /* przegladarka */ = {
			isa = PBXNativeTarget;
			buildConfigurationList = AC8CCA3C1F8C9FF60029262B /* Build configuration list for PBXNativeTarget "przegladarka" */;
			buildPhases = (
				AC8CCA101F8C9FF50029262B /* Sources */,
				AC8CCA111F8C9FF50029262B /* Frameworks */,
				AC8CCA121F8C9FF50029262B /* Resources */,
			);
			buildRules = (
			);
			dependencies = (
			);
			name = przegladarka;
			productName = przegladarka;
			productReference = AC8CCA141F8C9FF50029262B /* przegladarka.app */;
			productType = "com.apple.product-type.application";
		};
		AC8CCA271F8C9FF60029262B /* przegladarkaTests */ = {
			isa = PBXNativeTarget;
			buildConfigurationList = AC8CCA3F1F8C9FF60029262B /* Build configuration list for PBXNativeTarget "przegladarkaTests" */;
			buildPhases = (
				AC8CCA241F8C9FF60029262B /* Sources */,
				AC8CCA251F8C9FF60029262B /* Frameworks */,
				AC8CCA261F8C9FF60029262B /* Resources */,
			);
			buildRules = (
			);
			dependencies = (
				AC8CCA2A1F8C9FF60029262B /* PBXTargetDependency */,
			);
			name = przegladarkaTests;
			productName = przegladarkaTests;
			productReference = AC8CCA281F8C9FF60029262B /* przegladarkaTests.xctest */;
			productType = "com.apple.product-type.bundle.unit-test";
		};
		AC8CCA321F8C9FF60029262B /* przegladarkaUITests */ = {
			isa = PBXNativeTarget;
			buildConfigurationList = AC8CCA421F8C9FF60029262B /* Build configuration list for PBXNativeTarget "przegladarkaUITests" */;
			buildPhases = (
				AC8CCA2F1F8C9FF60029262B /* Sources */,
				AC8CCA301F8C9FF60029262B /* Frameworks */,
				AC8CCA311F8C9FF60029262B /* Resources */,
			);
			buildRules = (
			);
			dependencies = (
				AC8CCA351F8C9FF60029262B /* PBXTargetDependency */,
			);
			name = przegladarkaUITests;
			productName = przegladarkaUITests;
			productReference = AC8CCA331F8C9FF60029262B /* przegladarkaUITests.xctest */;
			productType = "com.apple.product-type.bundle.ui-testing";
		};
/* End PBXNativeTarget section */

/* Begin PBXProject section */
		AC8CCA0C1F8C9FF50029262B /* Project object */ = {
			isa = PBXProject;
			attributes = {
				LastSwiftUpdateCheck = 0820;
				LastUpgradeCheck = 0820;
				ORGANIZATIONNAME = "Użytkownik Gość";
				TargetAttributes = {
					AC8CCA131F8C9FF50029262B = {
						CreatedOnToolsVersion = 8.2.1;
						LastSwiftMigration = 0900;
						ProvisioningStyle = Automatic;
					};
					AC8CCA271F8C9FF60029262B = {
						CreatedOnToolsVersion = 8.2.1;
						LastSwiftMigration = 0900;
						ProvisioningStyle = Automatic;
						TestTargetID = AC8CCA131F8C9FF50029262B;
					};
					AC8CCA321F8C9FF60029262B = {
						CreatedOnToolsVersion = 8.2.1;
						LastSwiftMigration = 0900;
						ProvisioningStyle = Automatic;
						TestTargetID = AC8CCA131F8C9FF50029262B;
					};
				};
			};
			buildConfigurationList = AC8CCA0F1F8C9FF50029262B /* Build configuration list for PBXProject "przegladarka" */;
			compatibilityVersion = "Xcode 3.2";
			developmentRegion = English;
			hasScannedForEncodings = 0;
			knownRegions = (
				en,
				Base,
			);
			mainGroup = AC8CCA0B1F8C9FF50029262B;
			productRefGroup = AC8CCA151F8C9FF50029262B /* Products */;
			projectDirPath = "";
			projectRoot = "";
			targets = (
				AC8CCA131F8C9FF50029262B /* przegladarka */,
				AC8CCA271F8C9FF60029262B /* przegladarkaTests */,
				AC8CCA321F8C9FF60029262B /* przegladarkaUITests */,
			);
		};
/* End PBXProject section */

/* Begin PBXResourcesBuildPhase section */
		AC8CCA121F8C9FF50029262B /* Resources */ = {
			isa = PBXResourcesBuildPhase;
			buildActionMask = 2147483647;
			files = (
				AC8CCA221F8C9FF50029262B /* LaunchScreen.storyboard in Resources */,
				AC8CCA1F1F8C9FF50029262B /* Assets.xcassets in Resources */,
				AC8CCA1D1F8C9FF50029262B /* Main.storyboard in Resources */,
			);
			runOnlyForDeploymentPostprocessing = 0;
		};
		AC8CCA261F8C9FF60029262B /* Resources */ = {
			isa = PBXResourcesBuildPhase;
			buildActionMask = 2147483647;
			files = (
			);
			runOnlyForDeploymentPostprocessing = 0;
		};
		AC8CCA311F8C9FF60029262B /* Resources */ = {
			isa = PBXResourcesBuildPhase;
			buildActionMask = 2147483647;
			files = (
			);
			runOnlyForDeploymentPostprocessing = 0;
		};
/* End PBXResourcesBuildPhase section */

/* Begin PBXSourcesBuildPhase section */
		AC8CCA101F8C9FF50029262B /* Sources */ = {
			isa = PBXSourcesBuildPhase;
			buildActionMask = 2147483647;
			files = (
				AC8CCA1A1F8C9FF50029262B /* ViewController.swift in Sources */,
				D72F33351FA137880026C11B /* MasterTableViewController.swift in Sources */,
				AC8CCA181F8C9FF50029262B /* AppDelegate.swift in Sources */,
				D72F33371FA13A510026C11B /* DetailViewController.swift in Sources */,
			);
			runOnlyForDeploymentPostprocessing = 0;
		};
		AC8CCA241F8C9FF60029262B /* Sources */ = {
			isa = PBXSourcesBuildPhase;
			buildActionMask = 2147483647;
			files = (
				AC8CCA2D1F8C9FF60029262B /* przegladarkaTests.swift in Sources */,
			);
			runOnlyForDeploymentPostprocessing = 0;
		};
		AC8CCA2F1F8C9FF60029262B /* Sources */ = {
			isa = PBXSourcesBuildPhase;
			buildActionMask = 2147483647;
			files = (
				AC8CCA381F8C9FF60029262B /* przegladarkaUITests.swift in Sources */,
			);
			runOnlyForDeploymentPostprocessing = 0;
		};
/* End PBXSourcesBuildPhase section */

/* Begin PBXTargetDependency section */
		AC8CCA2A1F8C9FF60029262B /* PBXTargetDependency */ = {
			isa = PBXTargetDependency;
			target = AC8CCA131F8C9FF50029262B /* przegladarka */;
			targetProxy = AC8CCA291F8C9FF60029262B /* PBXContainerItemProxy */;
		};
		AC8CCA351F8C9FF60029262B /* PBXTargetDependency */ = {
			isa = PBXTargetDependency;
			target = AC8CCA131F8C9FF50029262B /* przegladarka */;
			targetProxy = AC8CCA341F8C9FF60029262B /* PBXContainerItemProxy */;
		};
/* End PBXTargetDependency section */

/* Begin PBXVariantGroup section */
		AC8CCA1B1F8C9FF50029262B /* Main.storyboard */ = {
			isa = PBXVariantGroup;
			children = (
				AC8CCA1C1F8C9FF50029262B /* Base */,
			);
			name = Main.storyboard;
			sourceTree = "<group>";
		};
		AC8CCA201F8C9FF50029262B /* LaunchScreen.storyboard */ = {
			isa = PBXVariantGroup;
			children = (
				AC8CCA211F8C9FF50029262B /* Base */,
			);
			name = LaunchScreen.storyboard;
			sourceTree = "<group>";
		};
/* End PBXVariantGroup section */

/* Begin XCBuildConfiguration section */
		AC8CCA3A1F8C9FF60029262B /* Debug */ = {
			isa = XCBuildConfiguration;
			buildSettings = {
				ALWAYS_SEARCH_USER_PATHS = NO;
				CLANG_ANALYZER_NONNULL = YES;
				CLANG_CXX_LANGUAGE_STANDARD = "gnu++0x";
				CLANG_CXX_LIBRARY = "libc++";
				CLANG_ENABLE_MODULES = YES;
				CLANG_ENABLE_OBJC_ARC = YES;
				CLANG_WARN_BOOL_CONVERSION = YES;
				CLANG_WARN_CONSTANT_CONVERSION = YES;
				CLANG_WARN_DIRECT_OBJC_ISA_USAGE = YES_ERROR;
				CLANG_WARN_DOCUMENTATION_COMMENTS = YES;
				CLANG_WARN_EMPTY_BODY = YES;
				CLANG_WARN_ENUM_CONVERSION = YES;
				CLANG_WARN_INFINITE_RECURSION = YES;
				CLANG_WARN_INT_CONVERSION = YES;
				CLANG_WARN_OBJC_ROOT_CLASS = YES_ERROR;
				CLANG_WARN_SUSPICIOUS_MOVE = YES;
				CLANG_WARN_UNREACHABLE_CODE = YES;
				CLANG_WARN__DUPLICATE_METHOD_MATCH = YES;
				"CODE_SIGN_IDENTITY[sdk=iphoneos*]" = "iPhone Developer";
				COPY_PHASE_STRIP = NO;
				DEBUG_INFORMATION_FORMAT = dwarf;
				ENABLE_STRICT_OBJC_MSGSEND = YES;
				ENABLE_TESTABILITY = YES;
				GCC_C_LANGUAGE_STANDARD = gnu99;
				GCC_DYNAMIC_NO_PIC = NO;
				GCC_NO_COMMON_BLOCKS = YES;
				GCC_OPTIMIZATION_LEVEL = 0;
				GCC_PREPROCESSOR_DEFINITIONS = (
					"DEBUG=1",
					"$(inherited)",
				);
				GCC_WARN_64_TO_32_BIT_CONVERSION = YES;
				GCC_WARN_ABOUT_RETURN_TYPE = YES_ERROR;
				GCC_WARN_UNDECLARED_SELECTOR = YES;
				GCC_WARN_UNINITIALIZED_AUTOS = YES_AGGRESSIVE;
				GCC_WARN_UNUSED_FUNCTION = YES;
				GCC_WARN_UNUSED_VARIABLE = YES;
				IPHONEOS_DEPLOYMENT_TARGET = 10.2;
				MTL_ENABLE_DEBUG_INFO = YES;
				ONLY_ACTIVE_ARCH = YES;
				SDKROOT = iphoneos;
				SWIFT_ACTIVE_COMPILATION_CONDITIONS = DEBUG;
				SWIFT_OPTIMIZATION_LEVEL = "-Onone";
			};
			name = Debug;
		};
		AC8CCA3B1F8C9FF60029262B /* Release */ = {
			isa = XCBuildConfiguration;
			buildSettings = {
				ALWAYS_SEARCH_USER_PATHS = NO;
				CLANG_ANALYZER_NONNULL = YES;
				CLANG_CXX_LANGUAGE_STANDARD = "gnu++0x";
				CLANG_CXX_LIBRARY = "libc++";
				CLANG_ENABLE_MODULES = YES;
				CLANG_ENABLE_OBJC_ARC = YES;
				CLANG_WARN_BOOL_CONVERSION = YES;
				CLANG_WARN_CONSTANT_CONVERSION = YES;
				CLANG_WARN_DIRECT_OBJC_ISA_USAGE = YES_ERROR;
				CLANG_WARN_DOCUMENTATION_COMMENTS = YES;
				CLANG_WARN_EMPTY_BODY = YES;
				CLANG_WARN_ENUM_CONVERSION = YES;
				CLANG_WARN_INFINITE_RECURSION = YES;
				CLANG_WARN_INT_CONVERSION = YES;
				CLANG_WARN_OBJC_ROOT_CLASS = YES_ERROR;
				CLANG_WARN_SUSPICIOUS_MOVE = YES;
				CLANG_WARN_UNREACHABLE_CODE = YES;
				CLANG_WARN__DUPLICATE_METHOD_MATCH = YES;
				"CODE_SIGN_IDENTITY[sdk=iphoneos*]" = "iPhone Developer";
				COPY_PHASE_STRIP = NO;
				DEBUG_INFORMATION_FORMAT = "dwarf-with-dsym";
				ENABLE_NS_ASSERTIONS = NO;
				ENABLE_STRICT_OBJC_MSGSEND = YES;
				GCC_C_LANGUAGE_STANDARD = gnu99;
				GCC_NO_COMMON_BLOCKS = YES;
				GCC_WARN_64_TO_32_BIT_CONVERSION = YES;
				GCC_WARN_ABOUT_RETURN_TYPE = YES_ERROR;
				GCC_WARN_UNDECLARED_SELECTOR = YES;
				GCC_WARN_UNINITIALIZED_AUTOS = YES_AGGRESSIVE;
				GCC_WARN_UNUSED_FUNCTION = YES;
				GCC_WARN_UNUSED_VARIABLE = YES;
				IPHONEOS_DEPLOYMENT_TARGET = 10.2;
				MTL_ENABLE_DEBUG_INFO = NO;
				SDKROOT = iphoneos;
				SWIFT_OPTIMIZATION_LEVEL = "-Owholemodule";
				VALIDATE_PRODUCT = YES;
			};
			name = Release;
		};
		AC8CCA3D1F8C9FF60029262B /* Debug */ = {
			isa = XCBuildConfiguration;
			buildSettings = {
				ASSETCATALOG_COMPILER_APPICON_NAME = AppIcon;
				INFOPLIST_FILE = przegladarka/Info.plist;
				LD_RUNPATH_SEARCH_PATHS = "$(inherited) @executable_path/Frameworks";
				PRODUCT_BUNDLE_IDENTIFIER = org.przegladarka;
				PRODUCT_NAME = "$(TARGET_NAME)";
				SWIFT_SWIFT3_OBJC_INFERENCE = On;
				SWIFT_VERSION = 4.0;
			};
			name = Debug;
		};
		AC8CCA3E1F8C9FF60029262B /* Release */ = {
			isa = XCBuildConfiguration;
			buildSettings = {
				ASSETCATALOG_COMPILER_APPICON_NAME = AppIcon;
				INFOPLIST_FILE = przegladarka/Info.plist;
				LD_RUNPATH_SEARCH_PATHS = "$(inherited) @executable_path/Frameworks";
				PRODUCT_BUNDLE_IDENTIFIER = org.przegladarka;
				PRODUCT_NAME = "$(TARGET_NAME)";
				SWIFT_SWIFT3_OBJC_INFERENCE = On;
				SWIFT_VERSION = 4.0;
			};
			name = Release;
		};
		AC8CCA401F8C9FF60029262B /* Debug */ = {
			isa = XCBuildConfiguration;
			buildSettings = {
				ALWAYS_EMBED_SWIFT_STANDARD_LIBRARIES = YES;
				BUNDLE_LOADER = "$(TEST_HOST)";
				INFOPLIST_FILE = przegladarkaTests/Info.plist;
				LD_RUNPATH_SEARCH_PATHS = "$(inherited) @executable_path/Frameworks @loader_path/Frameworks";
				PRODUCT_BUNDLE_IDENTIFIER = org.przegladarkaTests;
				PRODUCT_NAME = "$(TARGET_NAME)";
				SWIFT_SWIFT3_OBJC_INFERENCE = On;
				SWIFT_VERSION = 4.0;
				TEST_HOST = "$(BUILT_PRODUCTS_DIR)/przegladarka.app/przegladarka";
			};
			name = Debug;
		};
		AC8CCA411F8C9FF60029262B /* Release */ = {
			isa = XCBuildConfiguration;
			buildSettings = {
				ALWAYS_EMBED_SWIFT_STANDARD_LIBRARIES = YES;
				BUNDLE_LOADER = "$(TEST_HOST)";
				INFOPLIST_FILE = przegladarkaTests/Info.plist;
				LD_RUNPATH_SEARCH_PATHS = "$(inherited) @executable_path/Frameworks @loader_path/Frameworks";
				PRODUCT_BUNDLE_IDENTIFIER = org.przegladarkaTests;
				PRODUCT_NAME = "$(TARGET_NAME)";
				SWIFT_SWIFT3_OBJC_INFERENCE = On;
				SWIFT_VERSION = 4.0;
				TEST_HOST = "$(BUILT_PRODUCTS_DIR)/przegladarka.app/przegladarka";
			};
			name = Release;
		};
		AC8CCA431F8C9FF60029262B /* Debug */ = {
			isa = XCBuildConfiguration;
			buildSettings = {
				ALWAYS_EMBED_SWIFT_STANDARD_LIBRARIES = YES;
				INFOPLIST_FILE = przegladarkaUITests/Info.plist;
				LD_RUNPATH_SEARCH_PATHS = "$(inherited) @executable_path/Frameworks @loader_path/Frameworks";
				PRODUCT_BUNDLE_IDENTIFIER = org.przegladarkaUITests;
				PRODUCT_NAME = "$(TARGET_NAME)";
				SWIFT_SWIFT3_OBJC_INFERENCE = On;
				SWIFT_VERSION = 4.0;
				TEST_TARGET_NAME = przegladarka;
			};
			name = Debug;
		};
		AC8CCA441F8C9FF60029262B /* Release */ = {
			isa = XCBuildConfiguration;
			buildSettings = {
				ALWAYS_EMBED_SWIFT_STANDARD_LIBRARIES = YES;
				INFOPLIST_FILE = przegladarkaUITests/Info.plist;
				LD_RUNPATH_SEARCH_PATHS = "$(inherited) @executable_path/Frameworks @loader_path/Frameworks";
				PRODUCT_BUNDLE_IDENTIFIER = org.przegladarkaUITests;
				PRODUCT_NAME = "$(TARGET_NAME)";
				SWIFT_SWIFT3_OBJC_INFERENCE = On;
				SWIFT_VERSION = 4.0;
				TEST_TARGET_NAME = przegladarka;
			};
			name = Release;
		};
/* End XCBuildConfiguration section */

/* Begin XCConfigurationList section */
		AC8CCA0F1F8C9FF50029262B /* Build configuration list for PBXProject "przegladarka" */ = {
			isa = XCConfigurationList;
			buildConfigurations = (
				AC8CCA3A1F8C9FF60029262B /* Debug */,
				AC8CCA3B1F8C9FF60029262B /* Release */,
			);
			defaultConfigurationIsVisible = 0;
			defaultConfigurationName = Release;
		};
		AC8CCA3C1F8C9FF60029262B /* Build configuration list for PBXNativeTarget "przegladarka" */ = {
			isa = XCConfigurationList;
			buildConfigurations = (
				AC8CCA3D1F8C9FF60029262B /* Debug */,
				AC8CCA3E1F8C9FF60029262B /* Release */,
			);
			defaultConfigurationIsVisible = 0;
			defaultConfigurationName = Release;
		};
		AC8CCA3F1F8C9FF60029262B /* Build configuration list for PBXNativeTarget "przegladarkaTests" */ = {
			isa = XCConfigurationList;
			buildConfigurations = (
				AC8CCA401F8C9FF60029262B /* Debug */,
				AC8CCA411F8C9FF60029262B /* Release */,
			);
			defaultConfigurationIsVisible = 0;
			defaultConfigurationName = Release;
		};
		AC8CCA421F8C9FF60029262B /* Build configuration list for PBXNativeTarget "przegladarkaUITests" */ = {
			isa = XCConfigurationList;
			buildConfigurations = (
				AC8CCA431F8C9FF60029262B /* Debug */,
				AC8CCA441F8C9FF60029262B /* Release */,
			);
			defaultConfigurationIsVisible = 0;
			defaultConfigurationName = Release;
		};
/* End XCConfigurationList section */
	};
	rootObject = AC8CCA0C1F8C9FF50029262B /* Project object */;
}
